// !$*UTF8*$!
{
	archiveVersion = 1;
	classes = {
	};
	objectVersion = 54;
	objects = {

/* Begin PBXBuildFile section */
		63764944252D905100DE0978 /* AppDelegate.swift in Sources */ = {isa = PBXBuildFile; fileRef = 63764943252D905100DE0978 /* AppDelegate.swift */; };
		63764946252D905100DE0978 /* SceneDelegate.swift in Sources */ = {isa = PBXBuildFile; fileRef = 63764945252D905100DE0978 /* SceneDelegate.swift */; };
		63764948252D905100DE0978 /* ViewController.swift in Sources */ = {isa = PBXBuildFile; fileRef = 63764947252D905100DE0978 /* ViewController.swift */; };
		6376494B252D905100DE0978 /* Main.storyboard in Resources */ = {isa = PBXBuildFile; fileRef = 63764949252D905100DE0978 /* Main.storyboard */; };
		6376494D252D905300DE0978 /* Assets.xcassets in Resources */ = {isa = PBXBuildFile; fileRef = 6376494C252D905300DE0978 /* Assets.xcassets */; };
		63764950252D905300DE0978 /* LaunchScreen.storyboard in Resources */ = {isa = PBXBuildFile; fileRef = 6376494E252D905300DE0978 /* LaunchScreen.storyboard */; };
		638DB37F2531C986002D417F /* UIColor+Custom.swift in Sources */ = {isa = PBXBuildFile; fileRef = 638DB37E2531C986002D417F /* UIColor+Custom.swift */; };
		63DA877C2541364200ADE7A6 /* gramophone.usdz in Resources */ = {isa = PBXBuildFile; fileRef = 63DA877B2541364200ADE7A6 /* gramophone.usdz */; };
/* End PBXBuildFile section */

/* Begin PBXFileReference section */
		63764940252D905100DE0978 /* ARQuickLook.app */ = {isa = PBXFileReference; explicitFileType = wrapper.application; includeInIndex = 0; path = ARQuickLook.app; sourceTree = BUILT_PRODUCTS_DIR; };
		63764943252D905100DE0978 /* AppDelegate.swift */ = {isa = PBXFileReference; lastKnownFileType = sourcecode.swift; path = AppDelegate.swift; sourceTree = "<group>"; };
		63764945252D905100DE0978 /* SceneDelegate.swift */ = {isa = PBXFileReference; lastKnownFileType = sourcecode.swift; path = SceneDelegate.swift; sourceTree = "<group>"; };
		63764947252D905100DE0978 /* ViewController.swift */ = {isa = PBXFileReference; lastKnownFileType = sourcecode.swift; path = ViewController.swift; sourceTree = "<group>"; };
		6376494A252D905100DE0978 /* Base */ = {isa = PBXFileReference; lastKnownFileType = file.storyboard; name = Base; path = Base.lproj/Main.storyboard; sourceTree = "<group>"; };
		6376494C252D905300DE0978 /* Assets.xcassets */ = {isa = PBXFileReference; lastKnownFileType = folder.assetcatalog; path = Assets.xcassets; sourceTree = "<group>"; };
		6376494F252D905300DE0978 /* Base */ = {isa = PBXFileReference; lastKnownFileType = file.storyboard; name = Base; path = Base.lproj/LaunchScreen.storyboard; sourceTree = "<group>"; };
		63764951252D905300DE0978 /* Info.plist */ = {isa = PBXFileReference; lastKnownFileType = text.plist.xml; path = Info.plist; sourceTree = "<group>"; };
		638DB37E2531C986002D417F /* UIColor+Custom.swift */ = {isa = PBXFileReference; lastKnownFileType = sourcecode.swift; path = "UIColor+Custom.swift"; sourceTree = "<group>"; };
		63DA877B2541364200ADE7A6 /* gramophone.usdz */ = {isa = PBXFileReference; lastKnownFileType = file.usdz; path = gramophone.usdz; sourceTree = "<group>"; };
/* End PBXFileReference section */

/* Begin PBXFrameworksBuildPhase section */
		6376493D252D905100DE0978 /* Frameworks */ = {
			isa = PBXFrameworksBuildPhase;
			buildActionMask = 2147483647;
			files = (
			);
			runOnlyForDeploymentPostprocessing = 0;
		};
/* End PBXFrameworksBuildPhase section */

/* Begin PBXGroup section */
		63764937252D905100DE0978 = {
			isa = PBXGroup;
			children = (
				63764942252D905100DE0978 /* ARQuickLook */,
				63764941252D905100DE0978 /* Products */,
			);
			sourceTree = "<group>";
		};
		63764941252D905100DE0978 /* Products */ = {
			isa = PBXGroup;
			children = (
				63764940252D905100DE0978 /* ARQuickLook.app */,
			);
			name = Products;
			sourceTree = "<group>";
		};
		63764942252D905100DE0978 /* ARQuickLook */ = {
			isa = PBXGroup;
			children = (
				6376495C252D958800DE0978 /* Controllers */,
				63764958252D954B00DE0978 /* Delegates */,
				638DB37D2531C97A002D417F /* Extensions */,
				6376495B252D957F00DE0978 /* Resources */,
				63764959252D956700DE0978 /* Storyboards */,
				6376495A252D957200DE0978 /* Supporting Files */,
			);
			path = ARQuickLook;
			sourceTree = "<group>";
		};
		63764958252D954B00DE0978 /* Delegates */ = {
			isa = PBXGroup;
			children = (
				63764943252D905100DE0978 /* AppDelegate.swift */,
				63764945252D905100DE0978 /* SceneDelegate.swift */,
			);
			path = Delegates;
			sourceTree = "<group>";
		};
		63764959252D956700DE0978 /* Storyboards */ = {
			isa = PBXGroup;
			children = (
				63764949252D905100DE0978 /* Main.storyboard */,
				6376494E252D905300DE0978 /* LaunchScreen.storyboard */,
			);
			path = Storyboards;
			sourceTree = "<group>";
		};
		6376495A252D957200DE0978 /* Supporting Files */ = {
			isa = PBXGroup;
			children = (
				63764951252D905300DE0978 /* Info.plist */,
			);
			path = "Supporting Files";
			sourceTree = "<group>";
		};
		6376495B252D957F00DE0978 /* Resources */ = {
			isa = PBXGroup;
			children = (
				63DA877B2541364200ADE7A6 /* gramophone.usdz */,
				6376494C252D905300DE0978 /* Assets.xcassets */,
			);
			path = Resources;
			sourceTree = "<group>";
		};
		6376495C252D958800DE0978 /* Controllers */ = {
			isa = PBXGroup;
			children = (
				63764947252D905100DE0978 /* ViewController.swift */,
			);
			path = Controllers;
			sourceTree = "<group>";
		};
		638DB37D2531C97A002D417F /* Extensions */ = {
			isa = PBXGroup;
			children = (
				638DB37E2531C986002D417F /* UIColor+Custom.swift */,
			);
			path = Extensions;
			sourceTree = "<group>";
		};
/* End PBXGroup section */

/* Begin PBXNativeTarget section */
		6376493F252D905100DE0978 /* ARQuickLook */ = {
			isa = PBXNativeTarget;
			buildConfigurationList = 63764954252D905300DE0978 /* Build configuration list for PBXNativeTarget "ARQuickLook" */;
			buildPhases = (
				6376493C252D905100DE0978 /* Sources */,
				6376493D252D905100DE0978 /* Frameworks */,
				6376493E252D905100DE0978 /* Resources */,
			);
			buildRules = (
			);
			dependencies = (
			);
			name = ARQuickLook;
			productName = BodyTracking;
			productReference = 63764940252D905100DE0978 /* ARQuickLook.app */;
			productType = "com.apple.product-type.application";
		};
/* End PBXNativeTarget section */

/* Begin PBXProject section */
		63764938252D905100DE0978 /* Project object */ = {
			isa = PBXProject;
			attributes = {
				LastSwiftUpdateCheck = 1200;
				LastUpgradeCheck = 1200;
				TargetAttributes = {
					6376493F252D905100DE0978 = {
						CreatedOnToolsVersion = 12.0.1;
					};
				};
			};
			buildConfigurationList = 6376493B252D905100DE0978 /* Build configuration list for PBXProject "ARQuickLook" */;
			compatibilityVersion = "Xcode 12.0";
			developmentRegion = en;
			hasScannedForEncodings = 0;
			knownRegions = (
				en,
				Base,
			);
			mainGroup = 63764937252D905100DE0978;
			productRefGroup = 63764941252D905100DE0978 /* Products */;
			projectDirPath = "";
			projectRoot = "";
			targets = (
				6376493F252D905100DE0978 /* ARQuickLook */,
			);
		};
/* End PBXProject section */

/* Begin PBXResourcesBuildPhase section */
		6376493E252D905100DE0978 /* Resources */ = {
			isa = PBXResourcesBuildPhase;
			buildActionMask = 2147483647;
			files = (
				63764950252D905300DE0978 /* LaunchScreen.storyboard in Resources */,
				6376494D252D905300DE0978 /* Assets.xcassets in Resources */,
				6376494B252D905100DE0978 /* Main.storyboard in Resources */,
				63DA877C2541364200ADE7A6 /* gramophone.usdz in Resources */,
			);
			runOnlyForDeploymentPostprocessing = 0;
		};
/* End PBXResourcesBuildPhase section */

/* Begin PBXSourcesBuildPhase section */
		6376493C252D905100DE0978 /* Sources */ = {
			isa = PBXSourcesBuildPhase;
			buildActionMask = 2147483647;
			files = (
				63764948252D905100DE0978 /* ViewController.swift in Sources */,
				63764944252D905100DE0978 /* AppDelegate.swift in Sources */,
				638DB37F2531C986002D417F /* UIColor+Custom.swift in Sources */,
				63764946252D905100DE0978 /* SceneDelegate.swift in Sources */,
			);
			runOnlyForDeploymentPostprocessing = 0;
		};
/* End PBXSourcesBuildPhase section */

/* Begin PBXVariantGroup section */
		63764949252D905100DE0978 /* Main.storyboard */ = {
			isa = PBXVariantGroup;
			children = (
				6376494A252D905100DE0978 /* Base */,
			);
			name = Main.storyboard;
			sourceTree = "<group>";
		};
		6376494E252D905300DE0978 /* LaunchScreen.storyboard */ = {
			isa = PBXVariantGroup;
			children = (
				6376494F252D905300DE0978 /* Base */,
			);
			name = LaunchScreen.storyboard;
			sourceTree = "<group>";
		};
/* End PBXVariantGroup section */

/* Begin XCBuildConfiguration section */
		63764952252D905300DE0978 /* Debug */ = {
			isa = XCBuildConfiguration;
			buildSettings = {
				ALWAYS_SEARCH_USER_PATHS = NO;
				CLANG_ANALYZER_NONNULL = YES;
				CLANG_ANALYZER_NUMBER_OBJECT_CONVERSION = YES_AGGRESSIVE;
				CLANG_CXX_LANGUAGE_STANDARD = "gnu++14";
				CLANG_CXX_LIBRARY = "libc++";
				CLANG_ENABLE_MODULES = YES;
				CLANG_ENABLE_OBJC_ARC = YES;
				CLANG_ENABLE_OBJC_WEAK = YES;
				CLANG_WARN_BLOCK_CAPTURE_AUTORELEASING = YES;
				CLANG_WARN_BOOL_CONVERSION = YES;
				CLANG_WARN_COMMA = YES;
				CLANG_WARN_CONSTANT_CONVERSION = YES;
				CLANG_WARN_DEPRECATED_OBJC_IMPLEMENTATIONS = YES;
				CLANG_WARN_DIRECT_OBJC_ISA_USAGE = YES_ERROR;
				CLANG_WARN_DOCUMENTATION_COMMENTS = YES;
				CLANG_WARN_EMPTY_BODY = YES;
				CLANG_WARN_ENUM_CONVERSION = YES;
				CLANG_WARN_INFINITE_RECURSION = YES;
				CLANG_WARN_INT_CONVERSION = YES;
				CLANG_WARN_NON_LITERAL_NULL_CONVERSION = YES;
				CLANG_WARN_OBJC_IMPLICIT_RETAIN_SELF = YES;
				CLANG_WARN_OBJC_LITERAL_CONVERSION = YES;
				CLANG_WARN_OBJC_ROOT_CLASS = YES_ERROR;
				CLANG_WARN_QUOTED_INCLUDE_IN_FRAMEWORK_HEADER = YES;
				CLANG_WARN_RANGE_LOOP_ANALYSIS = YES;
				CLANG_WARN_STRICT_PROTOTYPES = YES;
				CLANG_WARN_SUSPICIOUS_MOVE = YES;
				CLANG_WARN_UNGUARDED_AVAILABILITY = YES_AGGRESSIVE;
				CLANG_WARN_UNREACHABLE_CODE = YES;
				CLANG_WARN__DUPLICATE_METHOD_MATCH = YES;
				COPY_PHASE_STRIP = NO;
				DEBUG_INFORMATION_FORMAT = dwarf;
				ENABLE_STRICT_OBJC_MSGSEND = YES;
				ENABLE_TESTABILITY = YES;
				GCC_C_LANGUAGE_STANDARD = gnu11;
				GCC_DYNAMIC_NO_PIC = NO;
				GCC_NO_COMMON_BLOCKS = YES;
				GCC_OPTIMIZATION_LEVEL = 0;
				GCC_PREPROCESSOR_DEFINITIONS = (
					"DEBUG=1",
					"$(inherited)",
				);
				GCC_WARN_64_TO_32_BIT_CONVERSION = YES;
				GCC_WARN_ABOUT_RETURN_TYPE = YES_ERROR;
				GCC_WARN_UNDECLARED_SELECTOR = YES;
				GCC_WARN_UNINITIALIZED_AUTOS = YES_AGGRESSIVE;
				GCC_WARN_UNUSED_FUNCTION = YES;
				GCC_WARN_UNUSED_VARIABLE = YES;
				IPHONEOS_DEPLOYMENT_TARGET = 14.0;
				MTL_ENABLE_DEBUG_INFO = INCLUDE_SOURCE;
				MTL_FAST_MATH = YES;
				ONLY_ACTIVE_ARCH = YES;
				SDKROOT = iphoneos;
				SWIFT_ACTIVE_COMPILATION_CONDITIONS = DEBUG;
				SWIFT_OPTIMIZATION_LEVEL = "-Onone";
			};
			name = Debug;
		};
		63764953252D905300DE0978 /* Release */ = {
			isa = XCBuildConfiguration;
			buildSettings = {
				ALWAYS_SEARCH_USER_PATHS = NO;
				CLANG_ANALYZER_NONNULL = YES;
				CLANG_ANALYZER_NUMBER_OBJECT_CONVERSION = YES_AGGRESSIVE;
				CLANG_CXX_LANGUAGE_STANDARD = "gnu++14";
				CLANG_CXX_LIBRARY = "libc++";
				CLANG_ENABLE_MODULES = YES;
				CLANG_ENABLE_OBJC_ARC = YES;
				CLANG_ENABLE_OBJC_WEAK = YES;
				CLANG_WARN_BLOCK_CAPTURE_AUTORELEASING = YES;
				CLANG_WARN_BOOL_CONVERSION = YES;
				CLANG_WARN_COMMA = YES;
				CLANG_WARN_CONSTANT_CONVERSION = YES;
				CLANG_WARN_DEPRECATED_OBJC_IMPLEMENTATIONS = YES;
				CLANG_WARN_DIRECT_OBJC_ISA_USAGE = YES_ERROR;
				CLANG_WARN_DOCUMENTATION_COMMENTS = YES;
				CLANG_WARN_EMPTY_BODY = YES;
				CLANG_WARN_ENUM_CONVERSION = YES;
				CLANG_WARN_INFINITE_RECURSION = YES;
				CLANG_WARN_INT_CONVERSION = YES;
				CLANG_WARN_NON_LITERAL_NULL_CONVERSION = YES;
				CLANG_WARN_OBJC_IMPLICIT_RETAIN_SELF = YES;
				CLANG_WARN_OBJC_LITERAL_CONVERSION = YES;
				CLANG_WARN_OBJC_ROOT_CLASS = YES_ERROR;
				CLANG_WARN_QUOTED_INCLUDE_IN_FRAMEWORK_HEADER = YES;
				CLANG_WARN_RANGE_LOOP_ANALYSIS = YES;
				CLANG_WARN_STRICT_PROTOTYPES = YES;
				CLANG_WARN_SUSPICIOUS_MOVE = YES;
				CLANG_WARN_UNGUARDED_AVAILABILITY = YES_AGGRESSIVE;
				CLANG_WARN_UNREACHABLE_CODE = YES;
				CLANG_WARN__DUPLICATE_METHOD_MATCH = YES;
				COPY_PHASE_STRIP = NO;
				DEBUG_INFORMATION_FORMAT = "dwarf-with-dsym";
				ENABLE_NS_ASSERTIONS = NO;
				ENABLE_STRICT_OBJC_MSGSEND = YES;
				GCC_C_LANGUAGE_STANDARD = gnu11;
				GCC_NO_COMMON_BLOCKS = YES;
				GCC_WARN_64_TO_32_BIT_CONVERSION = YES;
				GCC_WARN_ABOUT_RETURN_TYPE = YES_ERROR;
				GCC_WARN_UNDECLARED_SELECTOR = YES;
				GCC_WARN_UNINITIALIZED_AUTOS = YES_AGGRESSIVE;
				GCC_WARN_UNUSED_FUNCTION = YES;
				GCC_WARN_UNUSED_VARIABLE = YES;
				IPHONEOS_DEPLOYMENT_TARGET = 14.0;
				MTL_ENABLE_DEBUG_INFO = NO;
				MTL_FAST_MATH = YES;
				SDKROOT = iphoneos;
				SWIFT_COMPILATION_MODE = wholemodule;
				SWIFT_OPTIMIZATION_LEVEL = "-O";
				VALIDATE_PRODUCT = YES;
			};
			name = Release;
		};
		63764955252D905300DE0978 /* Debug */ = {
			isa = XCBuildConfiguration;
			buildSettings = {
				ASSETCATALOG_COMPILER_APPICON_NAME = AppIcon;
				ASSETCATALOG_COMPILER_GLOBAL_ACCENT_COLOR_NAME = AccentColor;
				CODE_SIGN_STYLE = Automatic;
				DEVELOPMENT_TEAM = 3V8EPWEYFE;
				INFOPLIST_FILE = "$(SRCROOT)/ARQuickLook/Supporting Files/Info.plist";
				LD_RUNPATH_SEARCH_PATHS = (
					"$(inherited)",
					"@executable_path/Frameworks",
				);
				PRODUCT_BUNDLE_IDENTIFIER = com.jayvennhan.app.PeopleOcclusion;
				PRODUCT_NAME = "$(TARGET_NAME)";
				SWIFT_VERSION = 5.0;
				TARGETED_DEVICE_FAMILY = "1,2";
			};
			name = Debug;
		};
		63764956252D905300DE0978 /* Release */ = {
			isa = XCBuildConfiguration;
			buildSettings = {
				ASSETCATALOG_COMPILER_APPICON_NAME = AppIcon;
				ASSETCATALOG_COMPILER_GLOBAL_ACCENT_COLOR_NAME = AccentColor;
				CODE_SIGN_STYLE = Automatic;
				DEVELOPMENT_TEAM = 3V8EPWEYFE;
				INFOPLIST_FILE = "$(SRCROOT)/ARQuickLook/Supporting Files/Info.plist";
				LD_RUNPATH_SEARCH_PATHS = (
					"$(inherited)",
					"@executable_path/Frameworks",
				);
				PRODUCT_BUNDLE_IDENTIFIER = com.jayvennhan.app.PeopleOcclusion;
				PRODUCT_NAME = "$(TARGET_NAME)";
				SWIFT_VERSION = 5.0;
				TARGETED_DEVICE_FAMILY = "1,2";
			};
			name = Release;
		};
/* End XCBuildConfiguration section */

/* Begin XCConfigurationList section */
		6376493B252D905100DE0978 /* Build configuration list for PBXProject "ARQuickLook" */ = {
			isa = XCConfigurationList;
			buildConfigurations = (
				63764952252D905300DE0978 /* Debug */,
				63764953252D905300DE0978 /* Release */,
			);
			defaultConfigurationIsVisible = 0;
			defaultConfigurationName = Release;
		};
		63764954252D905300DE0978 /* Build configuration list for PBXNativeTarget "ARQuickLook" */ = {
			isa = XCConfigurationList;
			buildConfigurations = (
				63764955252D905300DE0978 /* Debug */,
				63764956252D905300DE0978 /* Release */,
			);
			defaultConfigurationIsVisible = 0;
			defaultConfigurationName = Release;
		};
/* End XCConfigurationList section */
	};
	rootObject = 63764938252D905100DE0978 /* Project object */;
}
