// !$*UTF8*$!
{
	archiveVersion = 1;
	classes = {
	};
	objectVersion = 55;
	objects = {

/* Begin PBXBuildFile section */
		FAD16E10271D31E7004AE672 /* AppDelegate.swift in Sources */ = {isa = PBXBuildFile; fileRef = FAD16E0F271D31E7004AE672 /* AppDelegate.swift */; };
		FAD16E12271D31E7004AE672 /* SceneDelegate.swift in Sources */ = {isa = PBXBuildFile; fileRef = FAD16E11271D31E7004AE672 /* SceneDelegate.swift */; };
		FAD16E14271D31E7004AE672 /* ViewController.swift in Sources */ = {isa = PBXBuildFile; fileRef = FAD16E13271D31E7004AE672 /* ViewController.swift */; };
		FAD16E17271D31E7004AE672 /* Main.storyboard in Resources */ = {isa = PBXBuildFile; fileRef = FAD16E15271D31E7004AE672 /* Main.storyboard */; };
		FAD16E19271D31E8004AE672 /* Assets.xcassets in Resources */ = {isa = PBXBuildFile; fileRef = FAD16E18271D31E8004AE672 /* Assets.xcassets */; };
		FAD16E1C271D31E8004AE672 /* LaunchScreen.storyboard in Resources */ = {isa = PBXBuildFile; fileRef = FAD16E1A271D31E8004AE672 /* LaunchScreen.storyboard */; };
		FAD16E24271D332F004AE672 /* Tower.sks in Resources */ = {isa = PBXBuildFile; fileRef = FAD16E23271D332F004AE672 /* Tower.sks */; };
		FAD16E26271D3876004AE672 /* Fireball.scn in Resources */ = {isa = PBXBuildFile; fileRef = FAD16E25271D3876004AE672 /* Fireball.scn */; };
/* End PBXBuildFile section */

/* Begin PBXFileReference section */
		FAD16E0C271D31E7004AE672 /* Crafting3DAssets.app */ = {isa = PBXFileReference; explicitFileType = wrapper.application; includeInIndex = 0; path = Crafting3DAssets.app; sourceTree = BUILT_PRODUCTS_DIR; };
		FAD16E0F271D31E7004AE672 /* AppDelegate.swift */ = {isa = PBXFileReference; lastKnownFileType = sourcecode.swift; path = AppDelegate.swift; sourceTree = "<group>"; };
		FAD16E11271D31E7004AE672 /* SceneDelegate.swift */ = {isa = PBXFileReference; lastKnownFileType = sourcecode.swift; path = SceneDelegate.swift; sourceTree = "<group>"; };
		FAD16E13271D31E7004AE672 /* ViewController.swift */ = {isa = PBXFileReference; lastKnownFileType = sourcecode.swift; path = ViewController.swift; sourceTree = "<group>"; };
		FAD16E16271D31E7004AE672 /* Base */ = {isa = PBXFileReference; lastKnownFileType = file.storyboard; name = Base; path = Base.lproj/Main.storyboard; sourceTree = "<group>"; };
		FAD16E18271D31E8004AE672 /* Assets.xcassets */ = {isa = PBXFileReference; lastKnownFileType = folder.assetcatalog; path = Assets.xcassets; sourceTree = "<group>"; };
		FAD16E1B271D31E8004AE672 /* Base */ = {isa = PBXFileReference; lastKnownFileType = file.storyboard; name = Base; path = Base.lproj/LaunchScreen.storyboard; sourceTree = "<group>"; };
		FAD16E1D271D31E8004AE672 /* Info.plist */ = {isa = PBXFileReference; lastKnownFileType = text.plist.xml; path = Info.plist; sourceTree = "<group>"; };
		FAD16E23271D332F004AE672 /* Tower.sks */ = {isa = PBXFileReference; lastKnownFileType = file.sks; path = Tower.sks; sourceTree = "<group>"; };
		FAD16E25271D3876004AE672 /* Fireball.scn */ = {isa = PBXFileReference; lastKnownFileType = file.bplist; path = Fireball.scn; sourceTree = "<group>"; };
		FAD16E27271D3D3E004AE672 /* Troop.rcproject */ = {isa = PBXFileReference; lastKnownFileType = file.rcproject; path = Troop.rcproject; sourceTree = "<group>"; };
/* End PBXFileReference section */

/* Begin PBXFrameworksBuildPhase section */
		FAD16E09271D31E7004AE672 /* Frameworks */ = {
			isa = PBXFrameworksBuildPhase;
			buildActionMask = 2147483647;
			files = (
			);
			runOnlyForDeploymentPostprocessing = 0;
		};
/* End PBXFrameworksBuildPhase section */

/* Begin PBXGroup section */
		FAD16E03271D31E7004AE672 = {
			isa = PBXGroup;
			children = (
				FAD16E0E271D31E7004AE672 /* Crafting3DAssets */,
				FAD16E0D271D31E7004AE672 /* Products */,
			);
			sourceTree = "<group>";
		};
		FAD16E0D271D31E7004AE672 /* Products */ = {
			isa = PBXGroup;
			children = (
				FAD16E0C271D31E7004AE672 /* Crafting3DAssets.app */,
			);
			name = Products;
			sourceTree = "<group>";
		};
		FAD16E0E271D31E7004AE672 /* Crafting3DAssets */ = {
			isa = PBXGroup;
			children = (
				FAD16E0F271D31E7004AE672 /* AppDelegate.swift */,
				FAD16E11271D31E7004AE672 /* SceneDelegate.swift */,
				FAD16E13271D31E7004AE672 /* ViewController.swift */,
				FAD16E15271D31E7004AE672 /* Main.storyboard */,
				FAD16E18271D31E8004AE672 /* Assets.xcassets */,
				FAD16E1A271D31E8004AE672 /* LaunchScreen.storyboard */,
				FAD16E1D271D31E8004AE672 /* Info.plist */,
				FAD16E23271D332F004AE672 /* Tower.sks */,
				FAD16E25271D3876004AE672 /* Fireball.scn */,
				FAD16E27271D3D3E004AE672 /* Troop.rcproject */,
			);
			path = Crafting3DAssets;
			sourceTree = "<group>";
		};
/* End PBXGroup section */

/* Begin PBXNativeTarget section */
		FAD16E0B271D31E7004AE672 /* Crafting3DAssets */ = {
			isa = PBXNativeTarget;
			buildConfigurationList = FAD16E20271D31E8004AE672 /* Build configuration list for PBXNativeTarget "Crafting3DAssets" */;
			buildPhases = (
				FAD16E08271D31E7004AE672 /* Sources */,
				FAD16E09271D31E7004AE672 /* Frameworks */,
				FAD16E0A271D31E7004AE672 /* Resources */,
			);
			buildRules = (
			);
			dependencies = (
			);
			name = Crafting3DAssets;
			productName = Crafting3DAssets;
			productReference = FAD16E0C271D31E7004AE672 /* Crafting3DAssets.app */;
			productType = "com.apple.product-type.application";
		};
/* End PBXNativeTarget section */

/* Begin PBXProject section */
		FAD16E04271D31E7004AE672 /* Project object */ = {
			isa = PBXProject;
			attributes = {
				BuildIndependentTargetsInParallel = 1;
				LastSwiftUpdateCheck = 1300;
				LastUpgradeCheck = 1300;
				TargetAttributes = {
					FAD16E0B271D31E7004AE672 = {
						CreatedOnToolsVersion = 13.0;
					};
				};
			};
			buildConfigurationList = FAD16E07271D31E7004AE672 /* Build configuration list for PBXProject "Crafting3DAssets" */;
			compatibilityVersion = "Xcode 13.0";
			developmentRegion = en;
			hasScannedForEncodings = 0;
			knownRegions = (
				en,
				Base,
			);
			mainGroup = FAD16E03271D31E7004AE672;
			productRefGroup = FAD16E0D271D31E7004AE672 /* Products */;
			projectDirPath = "";
			projectRoot = "";
			targets = (
				FAD16E0B271D31E7004AE672 /* Crafting3DAssets */,
			);
		};
/* End PBXProject section */

/* Begin PBXResourcesBuildPhase section */
		FAD16E0A271D31E7004AE672 /* Resources */ = {
			isa = PBXResourcesBuildPhase;
			buildActionMask = 2147483647;
			files = (
				FAD16E26271D3876004AE672 /* Fireball.scn in Resources */,
				FAD16E1C271D31E8004AE672 /* LaunchScreen.storyboard in Resources */,
				FAD16E24271D332F004AE672 /* Tower.sks in Resources */,
				FAD16E19271D31E8004AE672 /* Assets.xcassets in Resources */,
				FAD16E17271D31E7004AE672 /* Main.storyboard in Resources */,
			);
			runOnlyForDeploymentPostprocessing = 0;
		};
/* End PBXResourcesBuildPhase section */

/* Begin PBXSourcesBuildPhase section */
		FAD16E08271D31E7004AE672 /* Sources */ = {
			isa = PBXSourcesBuildPhase;
			buildActionMask = 2147483647;
			files = (
				FAD16E14271D31E7004AE672 /* ViewController.swift in Sources */,
				FAD16E10271D31E7004AE672 /* AppDelegate.swift in Sources */,
				FAD16E12271D31E7004AE672 /* SceneDelegate.swift in Sources */,
			);
			runOnlyForDeploymentPostprocessing = 0;
		};
/* End PBXSourcesBuildPhase section */

/* Begin PBXVariantGroup section */
		FAD16E15271D31E7004AE672 /* Main.storyboard */ = {
			isa = PBXVariantGroup;
			children = (
				FAD16E16271D31E7004AE672 /* Base */,
			);
			name = Main.storyboard;
			sourceTree = "<group>";
		};
		FAD16E1A271D31E8004AE672 /* LaunchScreen.storyboard */ = {
			isa = PBXVariantGroup;
			children = (
				FAD16E1B271D31E8004AE672 /* Base */,
			);
			name = LaunchScreen.storyboard;
			sourceTree = "<group>";
		};
/* End PBXVariantGroup section */

/* Begin XCBuildConfiguration section */
		FAD16E1E271D31E8004AE672 /* Debug */ = {
			isa = XCBuildConfiguration;
			buildSettings = {
				ALWAYS_SEARCH_USER_PATHS = NO;
				CLANG_ANALYZER_NONNULL = YES;
				CLANG_ANALYZER_NUMBER_OBJECT_CONVERSION = YES_AGGRESSIVE;
				CLANG_CXX_LANGUAGE_STANDARD = "gnu++17";
				CLANG_CXX_LIBRARY = "libc++";
				CLANG_ENABLE_MODULES = YES;
				CLANG_ENABLE_OBJC_ARC = YES;
				CLANG_ENABLE_OBJC_WEAK = YES;
				CLANG_WARN_BLOCK_CAPTURE_AUTORELEASING = YES;
				CLANG_WARN_BOOL_CONVERSION = YES;
				CLANG_WARN_COMMA = YES;
				CLANG_WARN_CONSTANT_CONVERSION = YES;
				CLANG_WARN_DEPRECATED_OBJC_IMPLEMENTATIONS = YES;
				CLANG_WARN_DIRECT_OBJC_ISA_USAGE = YES_ERROR;
				CLANG_WARN_DOCUMENTATION_COMMENTS = YES;
				CLANG_WARN_EMPTY_BODY = YES;
				CLANG_WARN_ENUM_CONVERSION = YES;
				CLANG_WARN_INFINITE_RECURSION = YES;
				CLANG_WARN_INT_CONVERSION = YES;
				CLANG_WARN_NON_LITERAL_NULL_CONVERSION = YES;
				CLANG_WARN_OBJC_IMPLICIT_RETAIN_SELF = YES;
				CLANG_WARN_OBJC_LITERAL_CONVERSION = YES;
				CLANG_WARN_OBJC_ROOT_CLASS = YES_ERROR;
				CLANG_WARN_QUOTED_INCLUDE_IN_FRAMEWORK_HEADER = YES;
				CLANG_WARN_RANGE_LOOP_ANALYSIS = YES;
				CLANG_WARN_STRICT_PROTOTYPES = YES;
				CLANG_WARN_SUSPICIOUS_MOVE = YES;
				CLANG_WARN_UNGUARDED_AVAILABILITY = YES_AGGRESSIVE;
				CLANG_WARN_UNREACHABLE_CODE = YES;
				CLANG_WARN__DUPLICATE_METHOD_MATCH = YES;
				COPY_PHASE_STRIP = NO;
				DEBUG_INFORMATION_FORMAT = dwarf;
				ENABLE_STRICT_OBJC_MSGSEND = YES;
				ENABLE_TESTABILITY = YES;
				GCC_C_LANGUAGE_STANDARD = gnu11;
				GCC_DYNAMIC_NO_PIC = NO;
				GCC_NO_COMMON_BLOCKS = YES;
				GCC_OPTIMIZATION_LEVEL = 0;
				GCC_PREPROCESSOR_DEFINITIONS = (
					"DEBUG=1",
					"$(inherited)",
				);
				GCC_WARN_64_TO_32_BIT_CONVERSION = YES;
				GCC_WARN_ABOUT_RETURN_TYPE = YES_ERROR;
				GCC_WARN_UNDECLARED_SELECTOR = YES;
				GCC_WARN_UNINITIALIZED_AUTOS = YES_AGGRESSIVE;
				GCC_WARN_UNUSED_FUNCTION = YES;
				GCC_WARN_UNUSED_VARIABLE = YES;
				IPHONEOS_DEPLOYMENT_TARGET = 15.0;
				MTL_ENABLE_DEBUG_INFO = INCLUDE_SOURCE;
				MTL_FAST_MATH = YES;
				ONLY_ACTIVE_ARCH = YES;
				SDKROOT = iphoneos;
				SWIFT_ACTIVE_COMPILATION_CONDITIONS = DEBUG;
				SWIFT_OPTIMIZATION_LEVEL = "-Onone";
			};
			name = Debug;
		};
		FAD16E1F271D31E8004AE672 /* Release */ = {
			isa = XCBuildConfiguration;
			buildSettings = {
				ALWAYS_SEARCH_USER_PATHS = NO;
				CLANG_ANALYZER_NONNULL = YES;
				CLANG_ANALYZER_NUMBER_OBJECT_CONVERSION = YES_AGGRESSIVE;
				CLANG_CXX_LANGUAGE_STANDARD = "gnu++17";
				CLANG_CXX_LIBRARY = "libc++";
				CLANG_ENABLE_MODULES = YES;
				CLANG_ENABLE_OBJC_ARC = YES;
				CLANG_ENABLE_OBJC_WEAK = YES;
				CLANG_WARN_BLOCK_CAPTURE_AUTORELEASING = YES;
				CLANG_WARN_BOOL_CONVERSION = YES;
				CLANG_WARN_COMMA = YES;
				CLANG_WARN_CONSTANT_CONVERSION = YES;
				CLANG_WARN_DEPRECATED_OBJC_IMPLEMENTATIONS = YES;
				CLANG_WARN_DIRECT_OBJC_ISA_USAGE = YES_ERROR;
				CLANG_WARN_DOCUMENTATION_COMMENTS = YES;
				CLANG_WARN_EMPTY_BODY = YES;
				CLANG_WARN_ENUM_CONVERSION = YES;
				CLANG_WARN_INFINITE_RECURSION = YES;
				CLANG_WARN_INT_CONVERSION = YES;
				CLANG_WARN_NON_LITERAL_NULL_CONVERSION = YES;
				CLANG_WARN_OBJC_IMPLICIT_RETAIN_SELF = YES;
				CLANG_WARN_OBJC_LITERAL_CONVERSION = YES;
				CLANG_WARN_OBJC_ROOT_CLASS = YES_ERROR;
				CLANG_WARN_QUOTED_INCLUDE_IN_FRAMEWORK_HEADER = YES;
				CLANG_WARN_RANGE_LOOP_ANALYSIS = YES;
				CLANG_WARN_STRICT_PROTOTYPES = YES;
				CLANG_WARN_SUSPICIOUS_MOVE = YES;
				CLANG_WARN_UNGUARDED_AVAILABILITY = YES_AGGRESSIVE;
				CLANG_WARN_UNREACHABLE_CODE = YES;
				CLANG_WARN__DUPLICATE_METHOD_MATCH = YES;
				COPY_PHASE_STRIP = NO;
				DEBUG_INFORMATION_FORMAT = "dwarf-with-dsym";
				ENABLE_NS_ASSERTIONS = NO;
				ENABLE_STRICT_OBJC_MSGSEND = YES;
				GCC_C_LANGUAGE_STANDARD = gnu11;
				GCC_NO_COMMON_BLOCKS = YES;
				GCC_WARN_64_TO_32_BIT_CONVERSION = YES;
				GCC_WARN_ABOUT_RETURN_TYPE = YES_ERROR;
				GCC_WARN_UNDECLARED_SELECTOR = YES;
				GCC_WARN_UNINITIALIZED_AUTOS = YES_AGGRESSIVE;
				GCC_WARN_UNUSED_FUNCTION = YES;
				GCC_WARN_UNUSED_VARIABLE = YES;
				IPHONEOS_DEPLOYMENT_TARGET = 15.0;
				MTL_ENABLE_DEBUG_INFO = NO;
				MTL_FAST_MATH = YES;
				SDKROOT = iphoneos;
				SWIFT_COMPILATION_MODE = wholemodule;
				SWIFT_OPTIMIZATION_LEVEL = "-O";
				VALIDATE_PRODUCT = YES;
			};
			name = Release;
		};
		FAD16E21271D31E8004AE672 /* Debug */ = {
			isa = XCBuildConfiguration;
			buildSettings = {
				ASSETCATALOG_COMPILER_APPICON_NAME = AppIcon;
				ASSETCATALOG_COMPILER_GLOBAL_ACCENT_COLOR_NAME = AccentColor;
				CODE_SIGN_STYLE = Automatic;
				CURRENT_PROJECT_VERSION = 1;
				DEVELOPMENT_TEAM = BXU3B85A8F;
				GENERATE_INFOPLIST_FILE = YES;
				INFOPLIST_FILE = Crafting3DAssets/Info.plist;
				INFOPLIST_KEY_UIApplicationSupportsIndirectInputEvents = YES;
				INFOPLIST_KEY_UILaunchStoryboardName = LaunchScreen;
				INFOPLIST_KEY_UIMainStoryboardFile = Main;
				INFOPLIST_KEY_UISupportedInterfaceOrientations_iPad = "UIInterfaceOrientationPortrait UIInterfaceOrientationPortraitUpsideDown UIInterfaceOrientationLandscapeLeft UIInterfaceOrientationLandscapeRight";
				INFOPLIST_KEY_UISupportedInterfaceOrientations_iPhone = "UIInterfaceOrientationPortrait UIInterfaceOrientationLandscapeLeft UIInterfaceOrientationLandscapeRight";
				LD_RUNPATH_SEARCH_PATHS = (
					"$(inherited)",
					"@executable_path/Frameworks",
				);
				MARKETING_VERSION = 1.0;
				PRODUCT_BUNDLE_IDENTIFIER = com.jayvennhan.app.Crafting3DAssets;
				PRODUCT_NAME = "$(TARGET_NAME)";
				SWIFT_EMIT_LOC_STRINGS = YES;
				SWIFT_VERSION = 5.0;
				TARGETED_DEVICE_FAMILY = "1,2";
			};
			name = Debug;
		};
		FAD16E22271D31E8004AE672 /* Release */ = {
			isa = XCBuildConfiguration;
			buildSettings = {
				ASSETCATALOG_COMPILER_APPICON_NAME = AppIcon;
				ASSETCATALOG_COMPILER_GLOBAL_ACCENT_COLOR_NAME = AccentColor;
				CODE_SIGN_STYLE = Automatic;
				CURRENT_PROJECT_VERSION = 1;
				DEVELOPMENT_TEAM = BXU3B85A8F;
				GENERATE_INFOPLIST_FILE = YES;
				INFOPLIST_FILE = Crafting3DAssets/Info.plist;
				INFOPLIST_KEY_UIApplicationSupportsIndirectInputEvents = YES;
				INFOPLIST_KEY_UILaunchStoryboardName = LaunchScreen;
				INFOPLIST_KEY_UIMainStoryboardFile = Main;
				INFOPLIST_KEY_UISupportedInterfaceOrientations_iPad = "UIInterfaceOrientationPortrait UIInterfaceOrientationPortraitUpsideDown UIInterfaceOrientationLandscapeLeft UIInterfaceOrientationLandscapeRight";
				INFOPLIST_KEY_UISupportedInterfaceOrientations_iPhone = "UIInterfaceOrientationPortrait UIInterfaceOrientationLandscapeLeft UIInterfaceOrientationLandscapeRight";
				LD_RUNPATH_SEARCH_PATHS = (
					"$(inherited)",
					"@executable_path/Frameworks",
				);
				MARKETING_VERSION = 1.0;
				PRODUCT_BUNDLE_IDENTIFIER = com.jayvennhan.app.Crafting3DAssets;
				PRODUCT_NAME = "$(TARGET_NAME)";
				SWIFT_EMIT_LOC_STRINGS = YES;
				SWIFT_VERSION = 5.0;
				TARGETED_DEVICE_FAMILY = "1,2";
			};
			name = Release;
		};
/* End XCBuildConfiguration section */

/* Begin XCConfigurationList section */
		FAD16E07271D31E7004AE672 /* Build configuration list for PBXProject "Crafting3DAssets" */ = {
			isa = XCConfigurationList;
			buildConfigurations = (
				FAD16E1E271D31E8004AE672 /* Debug */,
				FAD16E1F271D31E8004AE672 /* Release */,
			);
			defaultConfigurationIsVisible = 0;
			defaultConfigurationName = Release;
		};
		FAD16E20271D31E8004AE672 /* Build configuration list for PBXNativeTarget "Crafting3DAssets" */ = {
			isa = XCConfigurationList;
			buildConfigurations = (
				FAD16E21271D31E8004AE672 /* Debug */,
				FAD16E22271D31E8004AE672 /* Release */,
			);
			defaultConfigurationIsVisible = 0;
			defaultConfigurationName = Release;
		};
/* End XCConfigurationList section */
	};
	rootObject = FAD16E04271D31E7004AE672 /* Project object */;
}
